
Microsoft Visual Studio Solution File, Format Version 12.00
# Visual Studio 14
VisualStudioVersion = 14.0.25420.1
MinimumVisualStudioVersion = 10.0.40219.1
Project("{2150E333-8FDC-42A3-9474-1A3956D46DE8}") = "01 - Front-End", "01 - Front-End", "{31EAA090-146B-4982-A30E-14E4787B5B29}"
EndProject
Project("{FAE04EC0-301F-11D3-BF4B-00C04F79EFBC}") = "Project.Client", "Project.Client\Project.Client.csproj", "{C459D16F-83E9-47F8-B37A-BADE9525386D}"
EndProject
Global
	GlobalSection(SolutionConfigurationPlatforms) = preSolution
		Debug|Any CPU = Debug|Any CPU
		Release|Any CPU = Release|Any CPU
	EndGlobalSection
	GlobalSection(ProjectConfigurationPlatforms) = postSolution
		{C459D16F-83E9-47F8-B37A-BADE9525386D}.Debug|Any CPU.ActiveCfg = Debug|Any CPU
		{C459D16F-83E9-47F8-B37A-BADE9525386D}.Debug|Any CPU.Build.0 = Debug|Any CPU
		{C459D16F-83E9-47F8-B37A-BADE9525386D}.Release|Any CPU.ActiveCfg = Release|Any CPU
		{C459D16F-83E9-47F8-B37A-BADE9525386D}.Release|Any CPU.Build.0 = Release|Any CPU
	EndGlobalSection
	GlobalSection(SolutionProperties) = preSolution
		HideSolutionNode = FALSE
	EndGlobalSection
	GlobalSection(NestedProjects) = preSolution
		{C459D16F-83E9-47F8-B37A-BADE9525386D} = {31EAA090-146B-4982-A30E-14E4787B5B29}
	EndGlobalSection
EndGlobal
