
Microsoft Visual Studio Solution File, Format Version 12.00
# Visual Studio 14
VisualStudioVersion = 14.0.25420.1
MinimumVisualStudioVersion = 10.0.40219.1
Project("{2150E333-8FDC-42A3-9474-1A3956D46DE8}") = "01 - Presentation Layer", "01 - Presentation Layer", "{F58B240A-4C8D-451E-BA5C-DE3D9F10C5A1}"
EndProject
Project("{2150E333-8FDC-42A3-9474-1A3956D46DE8}") = "02 - Application Layer", "02 - Application Layer", "{FD8FA2C7-1560-4F13-8CC0-F8E4A978A670}"
EndProject
Project("{2150E333-8FDC-42A3-9474-1A3956D46DE8}") = "03 - Domain Layer", "03 - Domain Layer", "{1BE29B68-B041-49AC-8F19-6BA84A989889}"
EndProject
Project("{2150E333-8FDC-42A3-9474-1A3956D46DE8}") = "04 - Infrastructure Layer", "04 - Infrastructure Layer", "{4590D997-6EEC-4C1D-8F02-536107619AE1}"
EndProject
Project("{FAE04EC0-301F-11D3-BF4B-00C04F79EFBC}") = "Project.WebApi", "Project.WebApi\Project.WebApi.csproj", "{22832740-054B-4288-9625-CCE83F8CDAF1}"
EndProject
Project("{FAE04EC0-301F-11D3-BF4B-00C04F79EFBC}") = "Project.Application", "Project.Application\Project.Application.csproj", "{9CCA1C7C-6BDA-4BBF-B753-94CA6EDB64D8}"
EndProject
Project("{FAE04EC0-301F-11D3-BF4B-00C04F79EFBC}") = "Project.Domain", "Project.Domain\Project.Domain.csproj", "{76523FA7-4E33-44B8-B053-14032CFD082F}"
EndProject
Project("{FAE04EC0-301F-11D3-BF4B-00C04F79EFBC}") = "Project.Infra.Repository", "Project.Infra.Repository\Project.Infra.Repository.csproj", "{9382E27A-9270-43D0-A849-6C79B9F6904B}"
EndProject
Project("{2150E333-8FDC-42A3-9474-1A3956D46DE8}") = "05 - Unit Tests Layer", "05 - Unit Tests Layer", "{999A3B30-AD69-4759-A4F8-A909FA91CF24}"
EndProject
Project("{FAE04EC0-301F-11D3-BF4B-00C04F79EFBC}") = "Project.UnitTests", "Project.UnitTests\Project.UnitTests.csproj", "{8526D37D-B802-4E0D-9007-9355EA991DDF}"
EndProject
Global
	GlobalSection(SolutionConfigurationPlatforms) = preSolution
		Debug|Any CPU = Debug|Any CPU
		Release|Any CPU = Release|Any CPU
	EndGlobalSection
	GlobalSection(ProjectConfigurationPlatforms) = postSolution
		{22832740-054B-4288-9625-CCE83F8CDAF1}.Debug|Any CPU.ActiveCfg = Debug|Any CPU
		{22832740-054B-4288-9625-CCE83F8CDAF1}.Debug|Any CPU.Build.0 = Debug|Any CPU
		{22832740-054B-4288-9625-CCE83F8CDAF1}.Release|Any CPU.ActiveCfg = Release|Any CPU
		{22832740-054B-4288-9625-CCE83F8CDAF1}.Release|Any CPU.Build.0 = Release|Any CPU
		{9CCA1C7C-6BDA-4BBF-B753-94CA6EDB64D8}.Debug|Any CPU.ActiveCfg = Debug|Any CPU
		{9CCA1C7C-6BDA-4BBF-B753-94CA6EDB64D8}.Debug|Any CPU.Build.0 = Debug|Any CPU
		{9CCA1C7C-6BDA-4BBF-B753-94CA6EDB64D8}.Release|Any CPU.ActiveCfg = Release|Any CPU
		{9CCA1C7C-6BDA-4BBF-B753-94CA6EDB64D8}.Release|Any CPU.Build.0 = Release|Any CPU
		{76523FA7-4E33-44B8-B053-14032CFD082F}.Debug|Any CPU.ActiveCfg = Debug|Any CPU
		{76523FA7-4E33-44B8-B053-14032CFD082F}.Debug|Any CPU.Build.0 = Debug|Any CPU
		{76523FA7-4E33-44B8-B053-14032CFD082F}.Release|Any CPU.ActiveCfg = Release|Any CPU
		{76523FA7-4E33-44B8-B053-14032CFD082F}.Release|Any CPU.Build.0 = Release|Any CPU
		{9382E27A-9270-43D0-A849-6C79B9F6904B}.Debug|Any CPU.ActiveCfg = Debug|Any CPU
		{9382E27A-9270-43D0-A849-6C79B9F6904B}.Debug|Any CPU.Build.0 = Debug|Any CPU
		{9382E27A-9270-43D0-A849-6C79B9F6904B}.Release|Any CPU.ActiveCfg = Release|Any CPU
		{9382E27A-9270-43D0-A849-6C79B9F6904B}.Release|Any CPU.Build.0 = Release|Any CPU
		{8526D37D-B802-4E0D-9007-9355EA991DDF}.Debug|Any CPU.ActiveCfg = Debug|Any CPU
		{8526D37D-B802-4E0D-9007-9355EA991DDF}.Debug|Any CPU.Build.0 = Debug|Any CPU
		{8526D37D-B802-4E0D-9007-9355EA991DDF}.Release|Any CPU.ActiveCfg = Release|Any CPU
		{8526D37D-B802-4E0D-9007-9355EA991DDF}.Release|Any CPU.Build.0 = Release|Any CPU
	EndGlobalSection
	GlobalSection(SolutionProperties) = preSolution
		HideSolutionNode = FALSE
	EndGlobalSection
	GlobalSection(NestedProjects) = preSolution
		{22832740-054B-4288-9625-CCE83F8CDAF1} = {F58B240A-4C8D-451E-BA5C-DE3D9F10C5A1}
		{9CCA1C7C-6BDA-4BBF-B753-94CA6EDB64D8} = {FD8FA2C7-1560-4F13-8CC0-F8E4A978A670}
		{76523FA7-4E33-44B8-B053-14032CFD082F} = {1BE29B68-B041-49AC-8F19-6BA84A989889}
		{9382E27A-9270-43D0-A849-6C79B9F6904B} = {4590D997-6EEC-4C1D-8F02-536107619AE1}
		{8526D37D-B802-4E0D-9007-9355EA991DDF} = {999A3B30-AD69-4759-A4F8-A909FA91CF24}
	EndGlobalSection
EndGlobal
